
Microsoft Visual Studio Solution File, Format Version 12.00
# Visual Studio 2013
VisualStudioVersion = 12.0.31101.0
MinimumVisualStudioVersion = 10.0.40219.1
Project("{FAE04EC0-301F-11D3-BF4B-00C04F79EFBC}") = "Algorithm1", "Algorithm1\Algorithm1.csproj", "{21A55595-479A-483E-9C3B-E72EED0ED619}"
EndProject
Project("{FAE04EC0-301F-11D3-BF4B-00C04F79EFBC}") = "Algorithm2", "Algorithm2\Algorithm2.csproj", "{EE609E2D-23C0-4E93-B18D-14249B983950}"
EndProject
Project("{FAE04EC0-301F-11D3-BF4B-00C04F79EFBC}") = "Algorithm3", "Algorithm3\Algorithm3.csproj", "{55294FC0-8B30-4564-95A5-D00D21CC1682}"
EndProject
Global
	GlobalSection(SolutionConfigurationPlatforms) = preSolution
		Debug|Any CPU = Debug|Any CPU
		Release|Any CPU = Release|Any CPU
	EndGlobalSection
	GlobalSection(ProjectConfigurationPlatforms) = postSolution
		{21A55595-479A-483E-9C3B-E72EED0ED619}.Debug|Any CPU.ActiveCfg = Debug|Any CPU
		{21A55595-479A-483E-9C3B-E72EED0ED619}.Debug|Any CPU.Build.0 = Debug|Any CPU
		{21A55595-479A-483E-9C3B-E72EED0ED619}.Release|Any CPU.ActiveCfg = Release|Any CPU
		{21A55595-479A-483E-9C3B-E72EED0ED619}.Release|Any CPU.Build.0 = Release|Any CPU
		{EE609E2D-23C0-4E93-B18D-14249B983950}.Debug|Any CPU.ActiveCfg = Debug|Any CPU
		{EE609E2D-23C0-4E93-B18D-14249B983950}.Debug|Any CPU.Build.0 = Debug|Any CPU
		{EE609E2D-23C0-4E93-B18D-14249B983950}.Release|Any CPU.ActiveCfg = Release|Any CPU
		{EE609E2D-23C0-4E93-B18D-14249B983950}.Release|Any CPU.Build.0 = Release|Any CPU
		{55294FC0-8B30-4564-95A5-D00D21CC1682}.Debug|Any CPU.ActiveCfg = Debug|Any CPU
		{55294FC0-8B30-4564-95A5-D00D21CC1682}.Debug|Any CPU.Build.0 = Debug|Any CPU
		{55294FC0-8B30-4564-95A5-D00D21CC1682}.Release|Any CPU.ActiveCfg = Release|Any CPU
		{55294FC0-8B30-4564-95A5-D00D21CC1682}.Release|Any CPU.Build.0 = Release|Any CPU
	EndGlobalSection
	GlobalSection(SolutionProperties) = preSolution
		HideSolutionNode = FALSE
	EndGlobalSection
EndGlobal
